PODS:
  - IQKeyboardManager (6.5.19)
  - Kingfisher (7.11.0)
  - SnapKit (5.7.1)

DEPENDENCIES:
  - IQKeyboardManager
  - Kingfisher
  - SnapKit

SPEC REPOS:
  trunk:
    - IQKeyboardManager
    - Kingfisher
    - SnapKit

SPEC CHECKSUMS:
  IQKeyboardManager: c8665b3396bd0b79402b4c573eac345a31c7d485
  Kingfisher: b9c985d864d43515f404f1ef4a8ce7d802ace3ac
  SnapKit: d612e99e678a2d3b95bf60b0705ed0a35c03484a

PODFILE CHECKSUM: 487bff116258e5d01e7511851477289398629e32

COCOAPODS: 1.15.2
